
Microsoft Visual Studio Solution File, Format Version 12.00
# Visual Studio Version 16
VisualStudioVersion = 16.0.29123.88
MinimumVisualStudioVersion = 10.0.40219.1
Project("{9A19103F-16F7-4668-BE54-9A1E7A4F7556}") = "Certera.Data", "Certera.Data\Certera.Data.csproj", "{C36B030D-4F6E-4069-979C-8D56503A63CE}"
EndProject
Project("{9A19103F-16F7-4668-BE54-9A1E7A4F7556}") = "Certera.Web", "Certera.Web\Certera.Web.csproj", "{BD161C0F-F65A-4405-B23A-E0E01692464E}"
EndProject
Project("{9A19103F-16F7-4668-BE54-9A1E7A4F7556}") = "Certera.Core", "Certera.Core\Certera.Core.csproj", "{DBD869CA-5729-48C3-B88F-9532C50D0D0C}"
EndProject
Project("{2150E333-8FDC-42A3-9474-1A3956D46DE8}") = "Config", "Config", "{73372307-04C0-46F7-9512-A70083492090}"
	ProjectSection(SolutionItems) = preProject
		.editorconfig = .editorconfig
	EndProjectSection
EndProject
Global
	GlobalSection(SolutionConfigurationPlatforms) = preSolution
		Debug|Any CPU = Debug|Any CPU
		Release|Any CPU = Release|Any CPU
	EndGlobalSection
	GlobalSection(ProjectConfigurationPlatforms) = postSolution
		{C36B030D-4F6E-4069-979C-8D56503A63CE}.Debug|Any CPU.ActiveCfg = Debug|Any CPU
		{C36B030D-4F6E-4069-979C-8D56503A63CE}.Debug|Any CPU.Build.0 = Debug|Any CPU
		{C36B030D-4F6E-4069-979C-8D56503A63CE}.Release|Any CPU.ActiveCfg = Release|Any CPU
		{C36B030D-4F6E-4069-979C-8D56503A63CE}.Release|Any CPU.Build.0 = Release|Any CPU
		{BD161C0F-F65A-4405-B23A-E0E01692464E}.Debug|Any CPU.ActiveCfg = Debug|Any CPU
		{BD161C0F-F65A-4405-B23A-E0E01692464E}.Debug|Any CPU.Build.0 = Debug|Any CPU
		{BD161C0F-F65A-4405-B23A-E0E01692464E}.Release|Any CPU.ActiveCfg = Release|Any CPU
		{BD161C0F-F65A-4405-B23A-E0E01692464E}.Release|Any CPU.Build.0 = Release|Any CPU
		{DBD869CA-5729-48C3-B88F-9532C50D0D0C}.Debug|Any CPU.ActiveCfg = Debug|Any CPU
		{DBD869CA-5729-48C3-B88F-9532C50D0D0C}.Debug|Any CPU.Build.0 = Debug|Any CPU
		{DBD869CA-5729-48C3-B88F-9532C50D0D0C}.Release|Any CPU.ActiveCfg = Release|Any CPU
		{DBD869CA-5729-48C3-B88F-9532C50D0D0C}.Release|Any CPU.Build.0 = Release|Any CPU
	EndGlobalSection
	GlobalSection(SolutionProperties) = preSolution
		HideSolutionNode = FALSE
	EndGlobalSection
	GlobalSection(ExtensibilityGlobals) = postSolution
		SolutionGuid = {56AF993B-2E3F-4E61-B311-D72E1FE10B77}
	EndGlobalSection
EndGlobal
